Microsoft Visual Studio Solution File, Format Version 12.00
# Visual Studio Version 17
VisualStudioVersion = 17.5.2.0
MinimumVisualStudioVersion = 10.0.40219.1
Project("{FAE04EC0-301F-11D3-BF4B-00C04F79EFBC}") = "TaskManagerApp", "TaskManagerApp.csproj", "{3DBCFCDE-AD6F-DB57-8F2C-1A38B06EDBDF}"
EndProject
Global
	GlobalSection(SolutionConfigurationPlatforms) = preSolution
		Debug|Any CPU = Debug|Any CPU
		Release|Any CPU = Release|Any CPU
	EndGlobalSection
	GlobalSection(ProjectConfigurationPlatforms) = postSolution
		{3DBCFCDE-AD6F-DB57-8F2C-1A38B06EDBDF}.Debug|Any CPU.ActiveCfg = Debug|Any CPU
		{3DBCFCDE-AD6F-DB57-8F2C-1A38B06EDBDF}.Debug|Any CPU.Build.0 = Debug|Any CPU
		{3DBCFCDE-AD6F-DB57-8F2C-1A38B06EDBDF}.Release|Any CPU.ActiveCfg = Release|Any CPU
		{3DBCFCDE-AD6F-DB57-8F2C-1A38B06EDBDF}.Release|Any CPU.Build.0 = Release|Any CPU
	EndGlobalSection
	GlobalSection(SolutionProperties) = preSolution
		HideSolutionNode = FALSE
	EndGlobalSection
	GlobalSection(ExtensibilityGlobals) = postSolution
		SolutionGuid = {62BE5A8A-3360-4D38-B5AF-BDE100C7A662}
	EndGlobalSection
EndGlobal
